Microsoft Visual Studio Solution File, Format Version 12.00
# Visual Studio Version 17
VisualStudioVersion = 17.7.34024.191
MinimumVisualStudioVersion = 10.0.40219.1
Project("{2150E333-8FDC-42A3-9474-1A3956D46DE8}") = "src", "src", "{8449A872-2591-4C77-A810-974A20DD0227}"
EndProject
Project("{2150E333-8FDC-42A3-9474-1A3956D46DE8}") = "sample", "sample", "{D6452DF6-D009-4A4D-A161-E25DE443C0D8}"
EndProject
Project("{9A19103F-16F7-4668-BE54-9A1E7A4F7556}") = "FluentModbusUmas", "src\FluentModbus\FluentModbusUmas.csproj", "{BE6DE3F6-ED5E-4603-AC45-8966CD4EB2D1}"
EndProject
Project("{9A19103F-16F7-4668-BE54-9A1E7A4F7556}") = "SampleUmasClient", "SampleUmasClient\SampleUmasClient.csproj", "{8FACCA0B-168C-48AF-952D-082F16065630}"
EndProject
Global
	GlobalSection(SolutionConfigurationPlatforms) = preSolution
		Debug|Any CPU = Debug|Any CPU
		Debug|x86 = Debug|x86
		Release|Any CPU = Release|Any CPU
		Release|x86 = Release|x86
	EndGlobalSection
	GlobalSection(ProjectConfigurationPlatforms) = postSolution
		{BE6DE3F6-ED5E-4603-AC45-8966CD4EB2D1}.Debug|Any CPU.ActiveCfg = Debug|Any CPU
		{BE6DE3F6-ED5E-4603-AC45-8966CD4EB2D1}.Debug|Any CPU.Build.0 = Debug|Any CPU
		{BE6DE3F6-ED5E-4603-AC45-8966CD4EB2D1}.Debug|x86.ActiveCfg = Debug|Any CPU
		{BE6DE3F6-ED5E-4603-AC45-8966CD4EB2D1}.Debug|x86.Build.0 = Debug|Any CPU
		{BE6DE3F6-ED5E-4603-AC45-8966CD4EB2D1}.Release|Any CPU.ActiveCfg = Release|Any CPU
		{BE6DE3F6-ED5E-4603-AC45-8966CD4EB2D1}.Release|Any CPU.Build.0 = Release|Any CPU
		{BE6DE3F6-ED5E-4603-AC45-8966CD4EB2D1}.Release|x86.ActiveCfg = Release|Any CPU
		{BE6DE3F6-ED5E-4603-AC45-8966CD4EB2D1}.Release|x86.Build.0 = Release|Any CPU
		{8FACCA0B-168C-48AF-952D-082F16065630}.Debug|Any CPU.ActiveCfg = Debug|Any CPU
		{8FACCA0B-168C-48AF-952D-082F16065630}.Debug|Any CPU.Build.0 = Debug|Any CPU
		{8FACCA0B-168C-48AF-952D-082F16065630}.Debug|x86.ActiveCfg = Debug|Any CPU
		{8FACCA0B-168C-48AF-952D-082F16065630}.Debug|x86.Build.0 = Debug|Any CPU
		{8FACCA0B-168C-48AF-952D-082F16065630}.Release|Any CPU.ActiveCfg = Release|Any CPU
		{8FACCA0B-168C-48AF-952D-082F16065630}.Release|Any CPU.Build.0 = Release|Any CPU
		{8FACCA0B-168C-48AF-952D-082F16065630}.Release|x86.ActiveCfg = Release|Any CPU
		{8FACCA0B-168C-48AF-952D-082F16065630}.Release|x86.Build.0 = Release|Any CPU
	EndGlobalSection
	GlobalSection(SolutionProperties) = preSolution
		HideSolutionNode = FALSE
	EndGlobalSection
	GlobalSection(NestedProjects) = preSolution
		{BE6DE3F6-ED5E-4603-AC45-8966CD4EB2D1} = {8449A872-2591-4C77-A810-974A20DD0227}
		{8FACCA0B-168C-48AF-952D-082F16065630} = {D6452DF6-D009-4A4D-A161-E25DE443C0D8}
	EndGlobalSection
	GlobalSection(ExtensibilityGlobals) = postSolution
		SolutionGuid = {F998BD6D-3E2B-4AA0-A7A4-FD84100C45A4}
	EndGlobalSection
EndGlobal
